github.com/emotional-data8482/automata v0.5.0 h1:jROLp/UXXpM/A5/Zq7Zt+g41L/VKLVpYLhMonY9ndjM=
github.com/emotional-data8482/automata v0.5.0/go.mod h1:cdZWiuUvSP4zSH85Md2TE3ASj2SUy4yt29TOfSHE/K8=
github.com/emotional-data8482/automata/tools v0.5.0 h1:rrHA4nD3lEILRnQU/LGK2cz/FLKT+qez0WFce9XrGNc=
github.com/emotional-data8482/automata/tools v0.5.0/go.mod h1:e7rVhclVy3ZWUgHaC3JTmfClny0459zkq8U21oPUMDw=
