github.com/emotional-data8482/automata v0.3.0 h1:nKrMvm87MXJftdh6lOgu75wRiXG+H8lWVhT/nsCWN/U=
github.com/emotional-data8482/automata v0.3.0/go.mod h1:cdZWiuUvSP4zSH85Md2TE3ASj2SUy4yt29TOfSHE/K8=
github.com/emotional-data8482/automata/tools v0.3.0 h1:Tf6CjcJgv81rWW+4zshvlwJY3PbFFdsKM9R8a980sCQ=
github.com/emotional-data8482/automata/tools v0.3.0/go.mod h1:J+2Z51WGT0cQMo+itAGZd6m4pZRle8iiOPOT1c6/Xpk=
