github.com/emotional-data8482/automata v0.3.1 h1:0gY8YVbkdQFulF447n8c5s2MHXpC+/EqbI3P1XgYjyE=
github.com/emotional-data8482/automata v0.3.1/go.mod h1:cdZWiuUvSP4zSH85Md2TE3ASj2SUy4yt29TOfSHE/K8=
github.com/emotional-data8482/automata/tools v0.3.1 h1:hYelSbTrdwiQGfOawYqWHHCUkla9R9bqym9TITbbUHg=
github.com/emotional-data8482/automata/tools v0.3.1/go.mod h1:5K7Th0k/i9HCY5uL9EE7Xi36d1+QkhElKtSAvU3XEsM=
